// !$*UTF8*$!
{
	archiveVersion = 1;
	classes = {
	};
	objectVersion = 50;
	objects = {

/* Begin PBXBuildFile section */
		FC7A22F42193924B00972929 /* AppDelegate.swift in Sources */ = {isa = PBXBuildFile; fileRef = FC7A22F32193924B00972929 /* AppDelegate.swift */; };
		FC7A22F62193924B00972929 /* MainVC.swift in Sources */ = {isa = PBXBuildFile; fileRef = FC7A22F52193924B00972929 /* MainVC.swift */; };
		FC7A22F92193924B00972929 /* Main.storyboard in Resources */ = {isa = PBXBuildFile; fileRef = FC7A22F72193924B00972929 /* Main.storyboard */; };
		FC7A22FB2193924D00972929 /* Assets.xcassets in Resources */ = {isa = PBXBuildFile; fileRef = FC7A22FA2193924D00972929 /* Assets.xcassets */; };
		FC7A22FE2193924D00972929 /* LaunchScreen.storyboard in Resources */ = {isa = PBXBuildFile; fileRef = FC7A22FC2193924D00972929 /* LaunchScreen.storyboard */; };
		FC7A2306219392D200972929 /* Descriptions.swift in Sources */ = {isa = PBXBuildFile; fileRef = FC7A2305219392D200972929 /* Descriptions.swift */; };
		FC7A2308219396BC00972929 /* DetailVC.swift in Sources */ = {isa = PBXBuildFile; fileRef = FC7A2307219396BC00972929 /* DetailVC.swift */; };
		FC7A230A219396CA00972929 /* MapVC.swift in Sources */ = {isa = PBXBuildFile; fileRef = FC7A2309219396CA00972929 /* MapVC.swift */; };
/* End PBXBuildFile section */

/* Begin PBXFileReference section */
		FC7A22F02193924B00972929 /* TopTenTest.app */ = {isa = PBXFileReference; explicitFileType = wrapper.application; includeInIndex = 0; path = TopTenTest.app; sourceTree = BUILT_PRODUCTS_DIR; };
		FC7A22F32193924B00972929 /* AppDelegate.swift */ = {isa = PBXFileReference; lastKnownFileType = sourcecode.swift; path = AppDelegate.swift; sourceTree = "<group>"; };
		FC7A22F52193924B00972929 /* MainVC.swift */ = {isa = PBXFileReference; lastKnownFileType = sourcecode.swift; path = MainVC.swift; sourceTree = "<group>"; };
		FC7A22F82193924B00972929 /* Base */ = {isa = PBXFileReference; lastKnownFileType = file.storyboard; name = Base; path = Base.lproj/Main.storyboard; sourceTree = "<group>"; };
		FC7A22FA2193924D00972929 /* Assets.xcassets */ = {isa = PBXFileReference; lastKnownFileType = folder.assetcatalog; path = Assets.xcassets; sourceTree = "<group>"; };
		FC7A22FD2193924D00972929 /* Base */ = {isa = PBXFileReference; lastKnownFileType = file.storyboard; name = Base; path = Base.lproj/LaunchScreen.storyboard; sourceTree = "<group>"; };
		FC7A22FF2193924D00972929 /* Info.plist */ = {isa = PBXFileReference; lastKnownFileType = text.plist.xml; path = Info.plist; sourceTree = "<group>"; };
		FC7A2305219392D200972929 /* Descriptions.swift */ = {isa = PBXFileReference; lastKnownFileType = sourcecode.swift; path = Descriptions.swift; sourceTree = "<group>"; };
		FC7A2307219396BC00972929 /* DetailVC.swift */ = {isa = PBXFileReference; lastKnownFileType = sourcecode.swift; path = DetailVC.swift; sourceTree = "<group>"; };
		FC7A2309219396CA00972929 /* MapVC.swift */ = {isa = PBXFileReference; lastKnownFileType = sourcecode.swift; path = MapVC.swift; sourceTree = "<group>"; };
/* End PBXFileReference section */

/* Begin PBXFrameworksBuildPhase section */
		FC7A22ED2193924A00972929 /* Frameworks */ = {
			isa = PBXFrameworksBuildPhase;
			buildActionMask = 2147483647;
			files = (
			);
			runOnlyForDeploymentPostprocessing = 0;
		};
/* End PBXFrameworksBuildPhase section */

/* Begin PBXGroup section */
		FC7A22E72193924A00972929 = {
			isa = PBXGroup;
			children = (
				FC7A22F22193924B00972929 /* TopTenTest */,
				FC7A22F12193924B00972929 /* Products */,
			);
			sourceTree = "<group>";
		};
		FC7A22F12193924B00972929 /* Products */ = {
			isa = PBXGroup;
			children = (
				FC7A22F02193924B00972929 /* TopTenTest.app */,
			);
			name = Products;
			sourceTree = "<group>";
		};
		FC7A22F22193924B00972929 /* TopTenTest */ = {
			isa = PBXGroup;
			children = (
				FC7A22F32193924B00972929 /* AppDelegate.swift */,
				FC7A2305219392D200972929 /* Descriptions.swift */,
				FC7A22F52193924B00972929 /* MainVC.swift */,
				FC7A2307219396BC00972929 /* DetailVC.swift */,
				FC7A2309219396CA00972929 /* MapVC.swift */,
				FC7A22F72193924B00972929 /* Main.storyboard */,
				FC7A22FA2193924D00972929 /* Assets.xcassets */,
				FC7A22FC2193924D00972929 /* LaunchScreen.storyboard */,
				FC7A22FF2193924D00972929 /* Info.plist */,
			);
			path = TopTenTest;
			sourceTree = "<group>";
		};
/* End PBXGroup section */

/* Begin PBXNativeTarget section */
		FC7A22EF2193924A00972929 /* TopTenTest */ = {
			isa = PBXNativeTarget;
			buildConfigurationList = FC7A23022193924D00972929 /* Build configuration list for PBXNativeTarget "TopTenTest" */;
			buildPhases = (
				FC7A22EC2193924A00972929 /* Sources */,
				FC7A22ED2193924A00972929 /* Frameworks */,
				FC7A22EE2193924A00972929 /* Resources */,
			);
			buildRules = (
			);
			dependencies = (
			);
			name = TopTenTest;
			productName = TopTenTest;
			productReference = FC7A22F02193924B00972929 /* TopTenTest.app */;
			productType = "com.apple.product-type.application";
		};
/* End PBXNativeTarget section */

/* Begin PBXProject section */
		FC7A22E82193924A00972929 /* Project object */ = {
			isa = PBXProject;
			attributes = {
				LastSwiftUpdateCheck = 0940;
				LastUpgradeCheck = 0940;
				ORGANIZATIONNAME = "David Boles";
				TargetAttributes = {
					FC7A22EF2193924A00972929 = {
						CreatedOnToolsVersion = 9.4.1;
						LastSwiftMigration = 1010;
					};
				};
			};
			buildConfigurationList = FC7A22EB2193924A00972929 /* Build configuration list for PBXProject "TopTenTest" */;
			compatibilityVersion = "Xcode 9.3";
			developmentRegion = en;
			hasScannedForEncodings = 0;
			knownRegions = (
				en,
				Base,
			);
			mainGroup = FC7A22E72193924A00972929;
			productRefGroup = FC7A22F12193924B00972929 /* Products */;
			projectDirPath = "";
			projectRoot = "";
			targets = (
				FC7A22EF2193924A00972929 /* TopTenTest */,
			);
		};
/* End PBXProject section */

/* Begin PBXResourcesBuildPhase section */
		FC7A22EE2193924A00972929 /* Resources */ = {
			isa = PBXResourcesBuildPhase;
			buildActionMask = 2147483647;
			files = (
				FC7A22FE2193924D00972929 /* LaunchScreen.storyboard in Resources */,
				FC7A22FB2193924D00972929 /* Assets.xcassets in Resources */,
				FC7A22F92193924B00972929 /* Main.storyboard in Resources */,
			);
			runOnlyForDeploymentPostprocessing = 0;
		};
/* End PBXResourcesBuildPhase section */

/* Begin PBXSourcesBuildPhase section */
		FC7A22EC2193924A00972929 /* Sources */ = {
			isa = PBXSourcesBuildPhase;
			buildActionMask = 2147483647;
			files = (
				FC7A230A219396CA00972929 /* MapVC.swift in Sources */,
				FC7A22F62193924B00972929 /* MainVC.swift in Sources */,
				FC7A2308219396BC00972929 /* DetailVC.swift in Sources */,
				FC7A2306219392D200972929 /* Descriptions.swift in Sources */,
				FC7A22F42193924B00972929 /* AppDelegate.swift in Sources */,
			);
			runOnlyForDeploymentPostprocessing = 0;
		};
/* End PBXSourcesBuildPhase section */

/* Begin PBXVariantGroup section */
		FC7A22F72193924B00972929 /* Main.storyboard */ = {
			isa = PBXVariantGroup;
			children = (
				FC7A22F82193924B00972929 /* Base */,
			);
			name = Main.storyboard;
			sourceTree = "<group>";
		};
		FC7A22FC2193924D00972929 /* LaunchScreen.storyboard */ = {
			isa = PBXVariantGroup;
			children = (
				FC7A22FD2193924D00972929 /* Base */,
			);
			name = LaunchScreen.storyboard;
			sourceTree = "<group>";
		};
/* End PBXVariantGroup section */

/* Begin XCBuildConfiguration section */
		FC7A23002193924D00972929 /* Debug */ = {
			isa = XCBuildConfiguration;
			buildSettings = {
				ALWAYS_SEARCH_USER_PATHS = NO;
				CLANG_ANALYZER_NONNULL = YES;
				CLANG_ANALYZER_NUMBER_OBJECT_CONVERSION = YES_AGGRESSIVE;
				CLANG_CXX_LANGUAGE_STANDARD = "gnu++14";
				CLANG_CXX_LIBRARY = "libc++";
				CLANG_ENABLE_MODULES = YES;
				CLANG_ENABLE_OBJC_ARC = YES;
				CLANG_ENABLE_OBJC_WEAK = YES;
				CLANG_WARN_BLOCK_CAPTURE_AUTORELEASING = YES;
				CLANG_WARN_BOOL_CONVERSION = YES;
				CLANG_WARN_COMMA = YES;
				CLANG_WARN_CONSTANT_CONVERSION = YES;
				CLANG_WARN_DEPRECATED_OBJC_IMPLEMENTATIONS = YES;
				CLANG_WARN_DIRECT_OBJC_ISA_USAGE = YES_ERROR;
				CLANG_WARN_DOCUMENTATION_COMMENTS = YES;
				CLANG_WARN_EMPTY_BODY = YES;
				CLANG_WARN_ENUM_CONVERSION = YES;
				CLANG_WARN_INFINITE_RECURSION = YES;
				CLANG_WARN_INT_CONVERSION = YES;
				CLANG_WARN_NON_LITERAL_NULL_CONVERSION = YES;
				CLANG_WARN_OBJC_IMPLICIT_RETAIN_SELF = YES;
				CLANG_WARN_OBJC_LITERAL_CONVERSION = YES;
				CLANG_WARN_OBJC_ROOT_CLASS = YES_ERROR;
				CLANG_WARN_RANGE_LOOP_ANALYSIS = YES;
				CLANG_WARN_STRICT_PROTOTYPES = YES;
				CLANG_WARN_SUSPICIOUS_MOVE = YES;
				CLANG_WARN_UNGUARDED_AVAILABILITY = YES_AGGRESSIVE;
				CLANG_WARN_UNREACHABLE_CODE = YES;
				CLANG_WARN__DUPLICATE_METHOD_MATCH = YES;
				CODE_SIGN_IDENTITY = "iPhone Developer";
				COPY_PHASE_STRIP = NO;
				DEBUG_INFORMATION_FORMAT = dwarf;
				ENABLE_STRICT_OBJC_MSGSEND = YES;
				ENABLE_TESTABILITY = YES;
				GCC_C_LANGUAGE_STANDARD = gnu11;
				GCC_DYNAMIC_NO_PIC = NO;
				GCC_NO_COMMON_BLOCKS = YES;
				GCC_OPTIMIZATION_LEVEL = 0;
				GCC_PREPROCESSOR_DEFINITIONS = (
					"DEBUG=1",
					"$(inherited)",
				);
				GCC_WARN_64_TO_32_BIT_CONVERSION = YES;
				GCC_WARN_ABOUT_RETURN_TYPE = YES_ERROR;
				GCC_WARN_UNDECLARED_SELECTOR = YES;
				GCC_WARN_UNINITIALIZED_AUTOS = YES_AGGRESSIVE;
				GCC_WARN_UNUSED_FUNCTION = YES;
				GCC_WARN_UNUSED_VARIABLE = YES;
				IPHONEOS_DEPLOYMENT_TARGET = 11.3;
				MTL_ENABLE_DEBUG_INFO = YES;
				ONLY_ACTIVE_ARCH = YES;
				SDKROOT = iphoneos;
				SWIFT_ACTIVE_COMPILATION_CONDITIONS = DEBUG;
				SWIFT_OPTIMIZATION_LEVEL = "-Onone";
			};
			name = Debug;
		};
		FC7A23012193924D00972929 /* Release */ = {
			isa = XCBuildConfiguration;
			buildSettings = {
				ALWAYS_SEARCH_USER_PATHS = NO;
				CLANG_ANALYZER_NONNULL = YES;
				CLANG_ANALYZER_NUMBER_OBJECT_CONVERSION = YES_AGGRESSIVE;
				CLANG_CXX_LANGUAGE_STANDARD = "gnu++14";
				CLANG_CXX_LIBRARY = "libc++";
				CLANG_ENABLE_MODULES = YES;
				CLANG_ENABLE_OBJC_ARC = YES;
				CLANG_ENABLE_OBJC_WEAK = YES;
				CLANG_WARN_BLOCK_CAPTURE_AUTORELEASING = YES;
				CLANG_WARN_BOOL_CONVERSION = YES;
				CLANG_WARN_COMMA = YES;
				CLANG_WARN_CONSTANT_CONVERSION = YES;
				CLANG_WARN_DEPRECATED_OBJC_IMPLEMENTATIONS = YES;
				CLANG_WARN_DIRECT_OBJC_ISA_USAGE = YES_ERROR;
				CLANG_WARN_DOCUMENTATION_COMMENTS = YES;
				CLANG_WARN_EMPTY_BODY = YES;
				CLANG_WARN_ENUM_CONVERSION = YES;
				CLANG_WARN_INFINITE_RECURSION = YES;
				CLANG_WARN_INT_CONVERSION = YES;
				CLANG_WARN_NON_LITERAL_NULL_CONVERSION = YES;
				CLANG_WARN_OBJC_IMPLICIT_RETAIN_SELF = YES;
				CLANG_WARN_OBJC_LITERAL_CONVERSION = YES;
				CLANG_WARN_OBJC_ROOT_CLASS = YES_ERROR;
				CLANG_WARN_RANGE_LOOP_ANALYSIS = YES;
				CLANG_WARN_STRICT_PROTOTYPES = YES;
				CLANG_WARN_SUSPICIOUS_MOVE = YES;
				CLANG_WARN_UNGUARDED_AVAILABILITY = YES_AGGRESSIVE;
				CLANG_WARN_UNREACHABLE_CODE = YES;
				CLANG_WARN__DUPLICATE_METHOD_MATCH = YES;
				CODE_SIGN_IDENTITY = "iPhone Developer";
				COPY_PHASE_STRIP = NO;
				DEBUG_INFORMATION_FORMAT = "dwarf-with-dsym";
				ENABLE_NS_ASSERTIONS = NO;
				ENABLE_STRICT_OBJC_MSGSEND = YES;
				GCC_C_LANGUAGE_STANDARD = gnu11;
				GCC_NO_COMMON_BLOCKS = YES;
				GCC_WARN_64_TO_32_BIT_CONVERSION = YES;
				GCC_WARN_ABOUT_RETURN_TYPE = YES_ERROR;
				GCC_WARN_UNDECLARED_SELECTOR = YES;
				GCC_WARN_UNINITIALIZED_AUTOS = YES_AGGRESSIVE;
				GCC_WARN_UNUSED_FUNCTION = YES;
				GCC_WARN_UNUSED_VARIABLE = YES;
				IPHONEOS_DEPLOYMENT_TARGET = 11.3;
				MTL_ENABLE_DEBUG_INFO = NO;
				SDKROOT = iphoneos;
				SWIFT_COMPILATION_MODE = wholemodule;
				SWIFT_OPTIMIZATION_LEVEL = "-O";
				VALIDATE_PRODUCT = YES;
			};
			name = Release;
		};
		FC7A23032193924D00972929 /* Debug */ = {
			isa = XCBuildConfiguration;
			buildSettings = {
				ASSETCATALOG_COMPILER_APPICON_NAME = AppIcon;
				CODE_SIGN_STYLE = Automatic;
				DEVELOPMENT_TEAM = 92A3F59JUA;
				INFOPLIST_FILE = TopTenTest/Info.plist;
				LD_RUNPATH_SEARCH_PATHS = (
					"$(inherited)",
					"@executable_path/Frameworks",
				);
				PRODUCT_BUNDLE_IDENTIFIER = com.ciccioboles.TopTenTest;
				PRODUCT_NAME = "$(TARGET_NAME)";
				SWIFT_VERSION = 4.2;
				TARGETED_DEVICE_FAMILY = "1,2";
			};
			name = Debug;
		};
		FC7A23042193924D00972929 /* Release */ = {
			isa = XCBuildConfiguration;
			buildSettings = {
				ASSETCATALOG_COMPILER_APPICON_NAME = AppIcon;
				CODE_SIGN_STYLE = Automatic;
				DEVELOPMENT_TEAM = 92A3F59JUA;
				INFOPLIST_FILE = TopTenTest/Info.plist;
				LD_RUNPATH_SEARCH_PATHS = (
					"$(inherited)",
					"@executable_path/Frameworks",
				);
				PRODUCT_BUNDLE_IDENTIFIER = com.ciccioboles.TopTenTest;
				PRODUCT_NAME = "$(TARGET_NAME)";
				SWIFT_VERSION = 4.2;
				TARGETED_DEVICE_FAMILY = "1,2";
			};
			name = Release;
		};
/* End XCBuildConfiguration section */

/* Begin XCConfigurationList section */
		FC7A22EB2193924A00972929 /* Build configuration list for PBXProject "TopTenTest" */ = {
			isa = XCConfigurationList;
			buildConfigurations = (
				FC7A23002193924D00972929 /* Debug */,
				FC7A23012193924D00972929 /* Release */,
			);
			defaultConfigurationIsVisible = 0;
			defaultConfigurationName = Release;
		};
		FC7A23022193924D00972929 /* Build configuration list for PBXNativeTarget "TopTenTest" */ = {
			isa = XCConfigurationList;
			buildConfigurations = (
				FC7A23032193924D00972929 /* Debug */,
				FC7A23042193924D00972929 /* Release */,
			);
			defaultConfigurationIsVisible = 0;
			defaultConfigurationName = Release;
		};
/* End XCConfigurationList section */
	};
	rootObject = FC7A22E82193924A00972929 /* Project object */;
}
